
Microsoft Visual Studio Solution File, Format Version 12.00
# Visual Studio 14
VisualStudioVersion = 14.0.25420.1
MinimumVisualStudioVersion = 10.0.40219.1
Project("{FAE04EC0-301F-11D3-BF4B-00C04F79EFBC}") = "KitapSatışPlatformu", "KitapSatışPlatformu\KitapSatışPlatformu.csproj", "{59DB315D-3EA8-4C34-B50E-52FC7057DED6}"
EndProject
Project("{FAE04EC0-301F-11D3-BF4B-00C04F79EFBC}") = "KitapSatışPlatformuTests", "KitapSatışPlatformuTests\KitapSatışPlatformuTests.csproj", "{9CD13D95-2089-40DB-BDD1-09568BD5BC91}"
EndProject
Global
	GlobalSection(SolutionConfigurationPlatforms) = preSolution
		Debug|Any CPU = Debug|Any CPU
		Release|Any CPU = Release|Any CPU
	EndGlobalSection
	GlobalSection(ProjectConfigurationPlatforms) = postSolution
		{59DB315D-3EA8-4C34-B50E-52FC7057DED6}.Debug|Any CPU.ActiveCfg = Debug|Any CPU
		{59DB315D-3EA8-4C34-B50E-52FC7057DED6}.Debug|Any CPU.Build.0 = Debug|Any CPU
		{59DB315D-3EA8-4C34-B50E-52FC7057DED6}.Release|Any CPU.ActiveCfg = Release|Any CPU
		{59DB315D-3EA8-4C34-B50E-52FC7057DED6}.Release|Any CPU.Build.0 = Release|Any CPU
		{9CD13D95-2089-40DB-BDD1-09568BD5BC91}.Debug|Any CPU.ActiveCfg = Debug|Any CPU
		{9CD13D95-2089-40DB-BDD1-09568BD5BC91}.Debug|Any CPU.Build.0 = Debug|Any CPU
		{9CD13D95-2089-40DB-BDD1-09568BD5BC91}.Release|Any CPU.ActiveCfg = Release|Any CPU
		{9CD13D95-2089-40DB-BDD1-09568BD5BC91}.Release|Any CPU.Build.0 = Release|Any CPU
	EndGlobalSection
	GlobalSection(SolutionProperties) = preSolution
		HideSolutionNode = FALSE
	EndGlobalSection
EndGlobal
